
Microsoft Visual Studio Solution File, Format Version 12.00
# Visual Studio Version 17
VisualStudioVersion = 17.0.31903.59
MinimumVisualStudioVersion = 10.0.40219.1
Project("{FAE04EC0-301F-11D3-BF4B-00C04F79EFBC}") = "ExprReplacer", "ExprReplacer\ExprReplacer.csproj", "{60A59E70-E6BA-466E-8941-303D32149E9D}"
EndProject
Project("{FAE04EC0-301F-11D3-BF4B-00C04F79EFBC}") = "ExprReplacer.Tests", "ExprReplacer.Tests\ExprReplacer.Tests.csproj", "{14460042-69C5-4B05-AC43-3F3C8AE83F3D}"
EndProject
Global
	GlobalSection(SolutionConfigurationPlatforms) = preSolution
		Debug|Any CPU = Debug|Any CPU
		Release|Any CPU = Release|Any CPU
	EndGlobalSection
	GlobalSection(SolutionProperties) = preSolution
		HideSolutionNode = FALSE
	EndGlobalSection
	GlobalSection(ProjectConfigurationPlatforms) = postSolution
		{60A59E70-E6BA-466E-8941-303D32149E9D}.Debug|Any CPU.ActiveCfg = Debug|Any CPU
		{60A59E70-E6BA-466E-8941-303D32149E9D}.Debug|Any CPU.Build.0 = Debug|Any CPU
		{60A59E70-E6BA-466E-8941-303D32149E9D}.Release|Any CPU.ActiveCfg = Release|Any CPU
		{60A59E70-E6BA-466E-8941-303D32149E9D}.Release|Any CPU.Build.0 = Release|Any CPU
		{14460042-69C5-4B05-AC43-3F3C8AE83F3D}.Debug|Any CPU.ActiveCfg = Debug|Any CPU
		{14460042-69C5-4B05-AC43-3F3C8AE83F3D}.Debug|Any CPU.Build.0 = Debug|Any CPU
		{14460042-69C5-4B05-AC43-3F3C8AE83F3D}.Release|Any CPU.ActiveCfg = Release|Any CPU
		{14460042-69C5-4B05-AC43-3F3C8AE83F3D}.Release|Any CPU.Build.0 = Release|Any CPU
	EndGlobalSection
EndGlobal
